
Microsoft Visual Studio Solution File, Format Version 12.00
# Visual Studio 2013
VisualStudioVersion = 12.0.31101.0
MinimumVisualStudioVersion = 10.0.40219.1
Project("{FAE04EC0-301F-11D3-BF4B-00C04F79EFBC}") = "SpecLog.JenkinsPlugin.Client", "SpecLog.JenkinsPlugin.Client\SpecLog.JenkinsPlugin.Client.csproj", "{2E4B3946-0E6C-4B67-AD3F-CC595D86F15E}"
EndProject
Project("{FAE04EC0-301F-11D3-BF4B-00C04F79EFBC}") = "SpecLog.JenkinsPlugin.Server", "SpecLog.JenkinsPlugin.Server\SpecLog.JenkinsPlugin.Server.csproj", "{B7797B19-E580-454E-9DB4-BD12E87AE292}"
EndProject
Global
	GlobalSection(SolutionConfigurationPlatforms) = preSolution
		Debug|Any CPU = Debug|Any CPU
		Release|Any CPU = Release|Any CPU
	EndGlobalSection
	GlobalSection(ProjectConfigurationPlatforms) = postSolution
		{2E4B3946-0E6C-4B67-AD3F-CC595D86F15E}.Debug|Any CPU.ActiveCfg = Debug|Any CPU
		{2E4B3946-0E6C-4B67-AD3F-CC595D86F15E}.Debug|Any CPU.Build.0 = Debug|Any CPU
		{2E4B3946-0E6C-4B67-AD3F-CC595D86F15E}.Release|Any CPU.ActiveCfg = Release|Any CPU
		{2E4B3946-0E6C-4B67-AD3F-CC595D86F15E}.Release|Any CPU.Build.0 = Release|Any CPU
		{B7797B19-E580-454E-9DB4-BD12E87AE292}.Debug|Any CPU.ActiveCfg = Debug|Any CPU
		{B7797B19-E580-454E-9DB4-BD12E87AE292}.Debug|Any CPU.Build.0 = Debug|Any CPU
		{B7797B19-E580-454E-9DB4-BD12E87AE292}.Release|Any CPU.ActiveCfg = Release|Any CPU
		{B7797B19-E580-454E-9DB4-BD12E87AE292}.Release|Any CPU.Build.0 = Release|Any CPU
	EndGlobalSection
	GlobalSection(SolutionProperties) = preSolution
		HideSolutionNode = FALSE
	EndGlobalSection
EndGlobal
